
Microsoft Visual Studio Solution File, Format Version 12.00
# Visual Studio 2012
Project("{2150E333-8FDC-42A3-9474-1A3956D46DE8}") = "Tools", "Tools", "{AA6BEE05-1005-47B8-AB70-F6C08B527DA3}"
EndProject
Project("{2150E333-8FDC-42A3-9474-1A3956D46DE8}") = "Server", "Server", "{CE507D1F-B687-4BE5-AED0-5F821F08519F}"
EndProject
Project("{2150E333-8FDC-42A3-9474-1A3956D46DE8}") = "Assemblies", "Assemblies", "{15080C7E-1DB4-46CA-9D33-69EE1BA7E15C}"
EndProject
Project("{FAE04EC0-301F-11D3-BF4B-00C04F79EFBC}") = "Assembly-CSharp-vs", "..\Client\Assembly-CSharp-vs.csproj", "{12F44184-A422-5F27-22E6-507969043F15}"
EndProject
Project("{2150E333-8FDC-42A3-9474-1A3956D46DE8}") = "Client", "Client", "{DB875A44-22EA-44E4-A2D8-ADA2DB38113F}"
EndProject
Project("{FAE04EC0-301F-11D3-BF4B-00C04F79EFBC}") = "Artemis", "Assemblies\Artemis\Artemis.csproj", "{22C89AF2-E1CF-4976-91B9-7D33773DC6E7}"
EndProject
Project("{FAE04EC0-301F-11D3-BF4B-00C04F79EFBC}") = "GlobalData", "Assemblies\GlobalData\GlobalData.csproj", "{C0281048-87AC-4751-8059-7B5BABDB3E63}"
EndProject
Project("{FAE04EC0-301F-11D3-BF4B-00C04F79EFBC}") = "InterServerData", "Assemblies\InterServerData\InterServerData.csproj", "{4CB159AE-2C6C-448B-9EC6-09A55DCDDCF0}"
EndProject
Project("{FAE04EC0-301F-11D3-BF4B-00C04F79EFBC}") = "GameClient", "Client\GameClient\GameClient.csproj", "{7123248B-0638-4CB5-8367-B57E07AEC85A}"
EndProject
Project("{FAE04EC0-301F-11D3-BF4B-00C04F79EFBC}") = "GameClientTest", "Client\GameClientTest\GameClientTest.csproj", "{64E8503F-74D4-45D1-9161-BE5DDD0DC745}"
EndProject
Project("{FAE04EC0-301F-11D3-BF4B-00C04F79EFBC}") = "GameServer", "Server\GameServer\GameServer.csproj", "{C4B6C2BA-7DAB-4596-AA3A-9176F16FE78E}"
EndProject
Project("{FAE04EC0-301F-11D3-BF4B-00C04F79EFBC}") = "CharacterEditor", "Tools\CharacterEditor\CharacterEditor.csproj", "{A768CCEB-B251-4176-ACFE-FE98E18C78E0}"
EndProject
Project("{FAE04EC0-301F-11D3-BF4B-00C04F79EFBC}") = "MapEditor", "Tools\MapEditor\MapEditor.csproj", "{E3CF59EA-A548-4FBC-8F7B-7313B6555AC8}"
EndProject
Project("{FAE04EC0-301F-11D3-BF4B-00C04F79EFBC}") = "SpellEditor", "Tools\SpellEditor\SpellEditor.csproj", "{056FF182-96ED-4184-BD29-7F7CB52338EB}"
EndProject
Project("{FAE04EC0-301F-11D3-BF4B-00C04F79EFBC}") = "MatchMaker", "MatchMaker\MatchMaker.csproj", "{A53465BF-9355-4A84-8859-A03EF3097207}"
EndProject
Project("{FAE04EC0-301F-11D3-BF4B-00C04F79EFBC}") = "MatchMaker.Tests", "MatchMaker.Tests\MatchMaker.Tests.csproj", "{F68DC890-2732-4AEF-A405-F36F00498CA1}"
EndProject
Global
	GlobalSection(SolutionConfigurationPlatforms) = preSolution
		Debug|Any CPU = Debug|Any CPU
		Debug|Mixed Platforms = Debug|Mixed Platforms
		Debug|Win32 = Debug|Win32
		Debug|x86 = Debug|x86
		Release|Any CPU = Release|Any CPU
		Release|Mixed Platforms = Release|Mixed Platforms
		Release|Win32 = Release|Win32
		Release|x86 = Release|x86
	EndGlobalSection
	GlobalSection(ProjectConfigurationPlatforms) = postSolution
		{12F44184-A422-5F27-22E6-507969043F15}.Debug|Any CPU.ActiveCfg = Debug|Any CPU
		{12F44184-A422-5F27-22E6-507969043F15}.Debug|Any CPU.Build.0 = Debug|Any CPU
		{12F44184-A422-5F27-22E6-507969043F15}.Debug|Mixed Platforms.ActiveCfg = Debug|Any CPU
		{12F44184-A422-5F27-22E6-507969043F15}.Debug|Mixed Platforms.Build.0 = Debug|Any CPU
		{12F44184-A422-5F27-22E6-507969043F15}.Debug|Win32.ActiveCfg = Debug|Any CPU
		{12F44184-A422-5F27-22E6-507969043F15}.Debug|x86.ActiveCfg = Debug|Any CPU
		{12F44184-A422-5F27-22E6-507969043F15}.Release|Any CPU.ActiveCfg = Release|Any CPU
		{12F44184-A422-5F27-22E6-507969043F15}.Release|Any CPU.Build.0 = Release|Any CPU
		{12F44184-A422-5F27-22E6-507969043F15}.Release|Mixed Platforms.ActiveCfg = Release|Any CPU
		{12F44184-A422-5F27-22E6-507969043F15}.Release|Mixed Platforms.Build.0 = Release|Any CPU
		{12F44184-A422-5F27-22E6-507969043F15}.Release|Win32.ActiveCfg = Release|Any CPU
		{12F44184-A422-5F27-22E6-507969043F15}.Release|x86.ActiveCfg = Release|Any CPU
		{22C89AF2-E1CF-4976-91B9-7D33773DC6E7}.Debug|Any CPU.ActiveCfg = Debug|x86
		{22C89AF2-E1CF-4976-91B9-7D33773DC6E7}.Debug|Mixed Platforms.ActiveCfg = Debug|x86
		{22C89AF2-E1CF-4976-91B9-7D33773DC6E7}.Debug|Mixed Platforms.Build.0 = Debug|x86
		{22C89AF2-E1CF-4976-91B9-7D33773DC6E7}.Debug|Win32.ActiveCfg = Debug|x86
		{22C89AF2-E1CF-4976-91B9-7D33773DC6E7}.Debug|Win32.Build.0 = Debug|x86
		{22C89AF2-E1CF-4976-91B9-7D33773DC6E7}.Debug|x86.ActiveCfg = Debug|x86
		{22C89AF2-E1CF-4976-91B9-7D33773DC6E7}.Debug|x86.Build.0 = Debug|x86
		{22C89AF2-E1CF-4976-91B9-7D33773DC6E7}.Release|Any CPU.ActiveCfg = Release|x86
		{22C89AF2-E1CF-4976-91B9-7D33773DC6E7}.Release|Mixed Platforms.ActiveCfg = Release|x86
		{22C89AF2-E1CF-4976-91B9-7D33773DC6E7}.Release|Mixed Platforms.Build.0 = Release|x86
		{22C89AF2-E1CF-4976-91B9-7D33773DC6E7}.Release|Win32.ActiveCfg = Release|x86
		{22C89AF2-E1CF-4976-91B9-7D33773DC6E7}.Release|Win32.Build.0 = Release|x86
		{22C89AF2-E1CF-4976-91B9-7D33773DC6E7}.Release|x86.ActiveCfg = Release|x86
		{22C89AF2-E1CF-4976-91B9-7D33773DC6E7}.Release|x86.Build.0 = Release|x86
		{C0281048-87AC-4751-8059-7B5BABDB3E63}.Debug|Any CPU.ActiveCfg = Debug|Any CPU
		{C0281048-87AC-4751-8059-7B5BABDB3E63}.Debug|Any CPU.Build.0 = Debug|Any CPU
		{C0281048-87AC-4751-8059-7B5BABDB3E63}.Debug|Mixed Platforms.ActiveCfg = Debug|Any CPU
		{C0281048-87AC-4751-8059-7B5BABDB3E63}.Debug|Mixed Platforms.Build.0 = Debug|Any CPU
		{C0281048-87AC-4751-8059-7B5BABDB3E63}.Debug|Win32.ActiveCfg = Debug|Any CPU
		{C0281048-87AC-4751-8059-7B5BABDB3E63}.Debug|x86.ActiveCfg = Debug|Any CPU
		{C0281048-87AC-4751-8059-7B5BABDB3E63}.Release|Any CPU.ActiveCfg = Release|Any CPU
		{C0281048-87AC-4751-8059-7B5BABDB3E63}.Release|Any CPU.Build.0 = Release|Any CPU
		{C0281048-87AC-4751-8059-7B5BABDB3E63}.Release|Mixed Platforms.ActiveCfg = Release|Any CPU
		{C0281048-87AC-4751-8059-7B5BABDB3E63}.Release|Mixed Platforms.Build.0 = Release|Any CPU
		{C0281048-87AC-4751-8059-7B5BABDB3E63}.Release|Win32.ActiveCfg = Release|Any CPU
		{C0281048-87AC-4751-8059-7B5BABDB3E63}.Release|x86.ActiveCfg = Release|Any CPU
		{4CB159AE-2C6C-448B-9EC6-09A55DCDDCF0}.Debug|Any CPU.ActiveCfg = Debug|Any CPU
		{4CB159AE-2C6C-448B-9EC6-09A55DCDDCF0}.Debug|Any CPU.Build.0 = Debug|Any CPU
		{4CB159AE-2C6C-448B-9EC6-09A55DCDDCF0}.Debug|Mixed Platforms.ActiveCfg = Debug|Any CPU
		{4CB159AE-2C6C-448B-9EC6-09A55DCDDCF0}.Debug|Mixed Platforms.Build.0 = Debug|Any CPU
		{4CB159AE-2C6C-448B-9EC6-09A55DCDDCF0}.Debug|Win32.ActiveCfg = Debug|Any CPU
		{4CB159AE-2C6C-448B-9EC6-09A55DCDDCF0}.Debug|x86.ActiveCfg = Debug|Any CPU
		{4CB159AE-2C6C-448B-9EC6-09A55DCDDCF0}.Release|Any CPU.ActiveCfg = Release|Any CPU
		{4CB159AE-2C6C-448B-9EC6-09A55DCDDCF0}.Release|Any CPU.Build.0 = Release|Any CPU
		{4CB159AE-2C6C-448B-9EC6-09A55DCDDCF0}.Release|Mixed Platforms.ActiveCfg = Release|Any CPU
		{4CB159AE-2C6C-448B-9EC6-09A55DCDDCF0}.Release|Mixed Platforms.Build.0 = Release|Any CPU
		{4CB159AE-2C6C-448B-9EC6-09A55DCDDCF0}.Release|Win32.ActiveCfg = Release|Any CPU
		{4CB159AE-2C6C-448B-9EC6-09A55DCDDCF0}.Release|x86.ActiveCfg = Release|Any CPU
		{7123248B-0638-4CB5-8367-B57E07AEC85A}.Debug|Any CPU.ActiveCfg = Debug|x86
		{7123248B-0638-4CB5-8367-B57E07AEC85A}.Debug|Mixed Platforms.ActiveCfg = Debug|x86
		{7123248B-0638-4CB5-8367-B57E07AEC85A}.Debug|Mixed Platforms.Build.0 = Debug|x86
		{7123248B-0638-4CB5-8367-B57E07AEC85A}.Debug|Win32.ActiveCfg = Debug|x86
		{7123248B-0638-4CB5-8367-B57E07AEC85A}.Debug|Win32.Build.0 = Debug|x86
		{7123248B-0638-4CB5-8367-B57E07AEC85A}.Debug|x86.ActiveCfg = Debug|x86
		{7123248B-0638-4CB5-8367-B57E07AEC85A}.Debug|x86.Build.0 = Debug|x86
		{7123248B-0638-4CB5-8367-B57E07AEC85A}.Release|Any CPU.ActiveCfg = Release|x86
		{7123248B-0638-4CB5-8367-B57E07AEC85A}.Release|Mixed Platforms.ActiveCfg = Release|x86
		{7123248B-0638-4CB5-8367-B57E07AEC85A}.Release|Mixed Platforms.Build.0 = Release|x86
		{7123248B-0638-4CB5-8367-B57E07AEC85A}.Release|Win32.ActiveCfg = Release|x86
		{7123248B-0638-4CB5-8367-B57E07AEC85A}.Release|Win32.Build.0 = Release|x86
		{7123248B-0638-4CB5-8367-B57E07AEC85A}.Release|x86.ActiveCfg = Release|x86
		{7123248B-0638-4CB5-8367-B57E07AEC85A}.Release|x86.Build.0 = Release|x86
		{64E8503F-74D4-45D1-9161-BE5DDD0DC745}.Debug|Any CPU.ActiveCfg = Debug|Any CPU
		{64E8503F-74D4-45D1-9161-BE5DDD0DC745}.Debug|Any CPU.Build.0 = Debug|Any CPU
		{64E8503F-74D4-45D1-9161-BE5DDD0DC745}.Debug|Mixed Platforms.ActiveCfg = Debug|Any CPU
		{64E8503F-74D4-45D1-9161-BE5DDD0DC745}.Debug|Mixed Platforms.Build.0 = Debug|Any CPU
		{64E8503F-74D4-45D1-9161-BE5DDD0DC745}.Debug|Win32.ActiveCfg = Debug|Any CPU
		{64E8503F-74D4-45D1-9161-BE5DDD0DC745}.Debug|x86.ActiveCfg = Debug|Any CPU
		{64E8503F-74D4-45D1-9161-BE5DDD0DC745}.Release|Any CPU.ActiveCfg = Release|Any CPU
		{64E8503F-74D4-45D1-9161-BE5DDD0DC745}.Release|Any CPU.Build.0 = Release|Any CPU
		{64E8503F-74D4-45D1-9161-BE5DDD0DC745}.Release|Mixed Platforms.ActiveCfg = Release|Any CPU
		{64E8503F-74D4-45D1-9161-BE5DDD0DC745}.Release|Mixed Platforms.Build.0 = Release|Any CPU
		{64E8503F-74D4-45D1-9161-BE5DDD0DC745}.Release|Win32.ActiveCfg = Release|Any CPU
		{64E8503F-74D4-45D1-9161-BE5DDD0DC745}.Release|x86.ActiveCfg = Release|Any CPU
		{C4B6C2BA-7DAB-4596-AA3A-9176F16FE78E}.Debug|Any CPU.ActiveCfg = Debug|x86
		{C4B6C2BA-7DAB-4596-AA3A-9176F16FE78E}.Debug|Mixed Platforms.ActiveCfg = Debug|x86
		{C4B6C2BA-7DAB-4596-AA3A-9176F16FE78E}.Debug|Mixed Platforms.Build.0 = Debug|x86
		{C4B6C2BA-7DAB-4596-AA3A-9176F16FE78E}.Debug|Win32.ActiveCfg = Debug|x86
		{C4B6C2BA-7DAB-4596-AA3A-9176F16FE78E}.Debug|Win32.Build.0 = Debug|x86
		{C4B6C2BA-7DAB-4596-AA3A-9176F16FE78E}.Debug|x86.ActiveCfg = Debug|x86
		{C4B6C2BA-7DAB-4596-AA3A-9176F16FE78E}.Debug|x86.Build.0 = Debug|x86
		{C4B6C2BA-7DAB-4596-AA3A-9176F16FE78E}.Release|Any CPU.ActiveCfg = Release|x86
		{C4B6C2BA-7DAB-4596-AA3A-9176F16FE78E}.Release|Mixed Platforms.ActiveCfg = Release|x86
		{C4B6C2BA-7DAB-4596-AA3A-9176F16FE78E}.Release|Mixed Platforms.Build.0 = Release|x86
		{C4B6C2BA-7DAB-4596-AA3A-9176F16FE78E}.Release|Win32.ActiveCfg = Release|x86
		{C4B6C2BA-7DAB-4596-AA3A-9176F16FE78E}.Release|Win32.Build.0 = Release|x86
		{C4B6C2BA-7DAB-4596-AA3A-9176F16FE78E}.Release|x86.ActiveCfg = Release|x86
		{C4B6C2BA-7DAB-4596-AA3A-9176F16FE78E}.Release|x86.Build.0 = Release|x86
		{A768CCEB-B251-4176-ACFE-FE98E18C78E0}.Debug|Any CPU.ActiveCfg = Debug|x86
		{A768CCEB-B251-4176-ACFE-FE98E18C78E0}.Debug|Mixed Platforms.ActiveCfg = Debug|x86
		{A768CCEB-B251-4176-ACFE-FE98E18C78E0}.Debug|Mixed Platforms.Build.0 = Debug|x86
		{A768CCEB-B251-4176-ACFE-FE98E18C78E0}.Debug|Win32.ActiveCfg = Debug|x86
		{A768CCEB-B251-4176-ACFE-FE98E18C78E0}.Debug|Win32.Build.0 = Debug|x86
		{A768CCEB-B251-4176-ACFE-FE98E18C78E0}.Debug|x86.ActiveCfg = Debug|x86
		{A768CCEB-B251-4176-ACFE-FE98E18C78E0}.Debug|x86.Build.0 = Debug|x86
		{A768CCEB-B251-4176-ACFE-FE98E18C78E0}.Release|Any CPU.ActiveCfg = Release|x86
		{A768CCEB-B251-4176-ACFE-FE98E18C78E0}.Release|Mixed Platforms.ActiveCfg = Release|x86
		{A768CCEB-B251-4176-ACFE-FE98E18C78E0}.Release|Mixed Platforms.Build.0 = Release|x86
		{A768CCEB-B251-4176-ACFE-FE98E18C78E0}.Release|Win32.ActiveCfg = Release|x86
		{A768CCEB-B251-4176-ACFE-FE98E18C78E0}.Release|Win32.Build.0 = Release|x86
		{A768CCEB-B251-4176-ACFE-FE98E18C78E0}.Release|x86.ActiveCfg = Release|x86
		{A768CCEB-B251-4176-ACFE-FE98E18C78E0}.Release|x86.Build.0 = Release|x86
		{E3CF59EA-A548-4FBC-8F7B-7313B6555AC8}.Debug|Any CPU.ActiveCfg = Debug|Any CPU
		{E3CF59EA-A548-4FBC-8F7B-7313B6555AC8}.Debug|Any CPU.Build.0 = Debug|Any CPU
		{E3CF59EA-A548-4FBC-8F7B-7313B6555AC8}.Debug|Mixed Platforms.ActiveCfg = Debug|Any CPU
		{E3CF59EA-A548-4FBC-8F7B-7313B6555AC8}.Debug|Mixed Platforms.Build.0 = Debug|Any CPU
		{E3CF59EA-A548-4FBC-8F7B-7313B6555AC8}.Debug|Win32.ActiveCfg = Debug|Any CPU
		{E3CF59EA-A548-4FBC-8F7B-7313B6555AC8}.Debug|x86.ActiveCfg = Debug|Any CPU
		{E3CF59EA-A548-4FBC-8F7B-7313B6555AC8}.Release|Any CPU.ActiveCfg = Release|Any CPU
		{E3CF59EA-A548-4FBC-8F7B-7313B6555AC8}.Release|Any CPU.Build.0 = Release|Any CPU
		{E3CF59EA-A548-4FBC-8F7B-7313B6555AC8}.Release|Mixed Platforms.ActiveCfg = Release|Any CPU
		{E3CF59EA-A548-4FBC-8F7B-7313B6555AC8}.Release|Mixed Platforms.Build.0 = Release|Any CPU
		{E3CF59EA-A548-4FBC-8F7B-7313B6555AC8}.Release|Win32.ActiveCfg = Release|Any CPU
		{E3CF59EA-A548-4FBC-8F7B-7313B6555AC8}.Release|x86.ActiveCfg = Release|Any CPU
		{056FF182-96ED-4184-BD29-7F7CB52338EB}.Debug|Any CPU.ActiveCfg = Debug|x86
		{056FF182-96ED-4184-BD29-7F7CB52338EB}.Debug|Mixed Platforms.ActiveCfg = Debug|x86
		{056FF182-96ED-4184-BD29-7F7CB52338EB}.Debug|Mixed Platforms.Build.0 = Debug|x86
		{056FF182-96ED-4184-BD29-7F7CB52338EB}.Debug|Win32.ActiveCfg = Debug|x86
		{056FF182-96ED-4184-BD29-7F7CB52338EB}.Debug|Win32.Build.0 = Debug|x86
		{056FF182-96ED-4184-BD29-7F7CB52338EB}.Debug|x86.ActiveCfg = Debug|x86
		{056FF182-96ED-4184-BD29-7F7CB52338EB}.Debug|x86.Build.0 = Debug|x86
		{056FF182-96ED-4184-BD29-7F7CB52338EB}.Release|Any CPU.ActiveCfg = Release|x86
		{056FF182-96ED-4184-BD29-7F7CB52338EB}.Release|Mixed Platforms.ActiveCfg = Release|x86
		{056FF182-96ED-4184-BD29-7F7CB52338EB}.Release|Mixed Platforms.Build.0 = Release|x86
		{056FF182-96ED-4184-BD29-7F7CB52338EB}.Release|Win32.ActiveCfg = Release|x86
		{056FF182-96ED-4184-BD29-7F7CB52338EB}.Release|Win32.Build.0 = Release|x86
		{056FF182-96ED-4184-BD29-7F7CB52338EB}.Release|x86.ActiveCfg = Release|x86
		{056FF182-96ED-4184-BD29-7F7CB52338EB}.Release|x86.Build.0 = Release|x86
		{A53465BF-9355-4A84-8859-A03EF3097207}.Debug|Any CPU.ActiveCfg = Debug|Any CPU
		{A53465BF-9355-4A84-8859-A03EF3097207}.Debug|Any CPU.Build.0 = Debug|Any CPU
		{A53465BF-9355-4A84-8859-A03EF3097207}.Debug|Mixed Platforms.ActiveCfg = Debug|Any CPU
		{A53465BF-9355-4A84-8859-A03EF3097207}.Debug|Mixed Platforms.Build.0 = Debug|Any CPU
		{A53465BF-9355-4A84-8859-A03EF3097207}.Debug|Win32.ActiveCfg = Debug|Any CPU
		{A53465BF-9355-4A84-8859-A03EF3097207}.Debug|x86.ActiveCfg = Debug|Any CPU
		{A53465BF-9355-4A84-8859-A03EF3097207}.Release|Any CPU.ActiveCfg = Release|Any CPU
		{A53465BF-9355-4A84-8859-A03EF3097207}.Release|Any CPU.Build.0 = Release|Any CPU
		{A53465BF-9355-4A84-8859-A03EF3097207}.Release|Mixed Platforms.ActiveCfg = Release|Any CPU
		{A53465BF-9355-4A84-8859-A03EF3097207}.Release|Mixed Platforms.Build.0 = Release|Any CPU
		{A53465BF-9355-4A84-8859-A03EF3097207}.Release|Win32.ActiveCfg = Release|Any CPU
		{A53465BF-9355-4A84-8859-A03EF3097207}.Release|x86.ActiveCfg = Release|Any CPU
		{F68DC890-2732-4AEF-A405-F36F00498CA1}.Debug|Any CPU.ActiveCfg = Debug|Any CPU
		{F68DC890-2732-4AEF-A405-F36F00498CA1}.Debug|Any CPU.Build.0 = Debug|Any CPU
		{F68DC890-2732-4AEF-A405-F36F00498CA1}.Debug|Mixed Platforms.ActiveCfg = Debug|Any CPU
		{F68DC890-2732-4AEF-A405-F36F00498CA1}.Debug|Mixed Platforms.Build.0 = Debug|Any CPU
		{F68DC890-2732-4AEF-A405-F36F00498CA1}.Debug|Win32.ActiveCfg = Debug|Any CPU
		{F68DC890-2732-4AEF-A405-F36F00498CA1}.Debug|x86.ActiveCfg = Debug|Any CPU
		{F68DC890-2732-4AEF-A405-F36F00498CA1}.Release|Any CPU.ActiveCfg = Release|Any CPU
		{F68DC890-2732-4AEF-A405-F36F00498CA1}.Release|Any CPU.Build.0 = Release|Any CPU
		{F68DC890-2732-4AEF-A405-F36F00498CA1}.Release|Mixed Platforms.ActiveCfg = Release|Any CPU
		{F68DC890-2732-4AEF-A405-F36F00498CA1}.Release|Mixed Platforms.Build.0 = Release|Any CPU
		{F68DC890-2732-4AEF-A405-F36F00498CA1}.Release|Win32.ActiveCfg = Release|Any CPU
		{F68DC890-2732-4AEF-A405-F36F00498CA1}.Release|x86.ActiveCfg = Release|Any CPU
	EndGlobalSection
	GlobalSection(SolutionProperties) = preSolution
		HideSolutionNode = FALSE
	EndGlobalSection
	GlobalSection(NestedProjects) = preSolution
		{A768CCEB-B251-4176-ACFE-FE98E18C78E0} = {AA6BEE05-1005-47B8-AB70-F6C08B527DA3}
		{E3CF59EA-A548-4FBC-8F7B-7313B6555AC8} = {AA6BEE05-1005-47B8-AB70-F6C08B527DA3}
		{056FF182-96ED-4184-BD29-7F7CB52338EB} = {AA6BEE05-1005-47B8-AB70-F6C08B527DA3}
		{C4B6C2BA-7DAB-4596-AA3A-9176F16FE78E} = {CE507D1F-B687-4BE5-AED0-5F821F08519F}
		{A53465BF-9355-4A84-8859-A03EF3097207} = {CE507D1F-B687-4BE5-AED0-5F821F08519F}
		{F68DC890-2732-4AEF-A405-F36F00498CA1} = {CE507D1F-B687-4BE5-AED0-5F821F08519F}
		{22C89AF2-E1CF-4976-91B9-7D33773DC6E7} = {15080C7E-1DB4-46CA-9D33-69EE1BA7E15C}
		{C0281048-87AC-4751-8059-7B5BABDB3E63} = {15080C7E-1DB4-46CA-9D33-69EE1BA7E15C}
		{4CB159AE-2C6C-448B-9EC6-09A55DCDDCF0} = {15080C7E-1DB4-46CA-9D33-69EE1BA7E15C}
		{12F44184-A422-5F27-22E6-507969043F15} = {DB875A44-22EA-44E4-A2D8-ADA2DB38113F}
		{7123248B-0638-4CB5-8367-B57E07AEC85A} = {DB875A44-22EA-44E4-A2D8-ADA2DB38113F}
		{64E8503F-74D4-45D1-9161-BE5DDD0DC745} = {DB875A44-22EA-44E4-A2D8-ADA2DB38113F}
	EndGlobalSection
EndGlobal
